
Microsoft Visual Studio Solution File, Format Version 12.00
# Visual Studio Version 16
VisualStudioVersion = 16.0.808.6
MinimumVisualStudioVersion = 10.0.40219.1
Project("{FAE04EC0-301F-11D3-BF4B-00C04F79EFBC}") = "StackLibrary", "StackLibrary\StackLibrary.csproj", "{1BDF705E-EA62-4917-BF91-68BC61DB88F3}"
EndProject
Project("{FAE04EC0-301F-11D3-BF4B-00C04F79EFBC}") = "StackLibrary.Tests", "StackLibrary.Tests\StackLibrary.Tests.csproj", "{D49AA1BC-7850-4AAF-9BA6-8D1431B07507}"
EndProject
Project("{FAE04EC0-301F-11D3-BF4B-00C04F79EFBC}") = "PalindromeFinderConsoleUI", "PalindromeFinderConsoleUI\PalindromeFinderConsoleUI.csproj", "{40582EBE-036B-43DD-8A96-B43C8FFA2AEB}"
EndProject
Global
	GlobalSection(SolutionConfigurationPlatforms) = preSolution
		Debug|Any CPU = Debug|Any CPU
		Release|Any CPU = Release|Any CPU
	EndGlobalSection
	GlobalSection(ProjectConfigurationPlatforms) = postSolution
		{1BDF705E-EA62-4917-BF91-68BC61DB88F3}.Debug|Any CPU.ActiveCfg = Debug|Any CPU
		{1BDF705E-EA62-4917-BF91-68BC61DB88F3}.Debug|Any CPU.Build.0 = Debug|Any CPU
		{1BDF705E-EA62-4917-BF91-68BC61DB88F3}.Release|Any CPU.ActiveCfg = Release|Any CPU
		{1BDF705E-EA62-4917-BF91-68BC61DB88F3}.Release|Any CPU.Build.0 = Release|Any CPU
		{D49AA1BC-7850-4AAF-9BA6-8D1431B07507}.Debug|Any CPU.ActiveCfg = Debug|Any CPU
		{D49AA1BC-7850-4AAF-9BA6-8D1431B07507}.Debug|Any CPU.Build.0 = Debug|Any CPU
		{D49AA1BC-7850-4AAF-9BA6-8D1431B07507}.Release|Any CPU.ActiveCfg = Release|Any CPU
		{D49AA1BC-7850-4AAF-9BA6-8D1431B07507}.Release|Any CPU.Build.0 = Release|Any CPU
		{40582EBE-036B-43DD-8A96-B43C8FFA2AEB}.Debug|Any CPU.ActiveCfg = Debug|Any CPU
		{40582EBE-036B-43DD-8A96-B43C8FFA2AEB}.Debug|Any CPU.Build.0 = Debug|Any CPU
		{40582EBE-036B-43DD-8A96-B43C8FFA2AEB}.Release|Any CPU.ActiveCfg = Release|Any CPU
		{40582EBE-036B-43DD-8A96-B43C8FFA2AEB}.Release|Any CPU.Build.0 = Release|Any CPU
	EndGlobalSection
	GlobalSection(SolutionProperties) = preSolution
		HideSolutionNode = FALSE
	EndGlobalSection
	GlobalSection(ExtensibilityGlobals) = postSolution
		SolutionGuid = {97B24FFD-56C7-402E-A85B-6520D861FE7C}
	EndGlobalSection
EndGlobal
